Microsoft Visual Studio Solution File, Format Version 12.00
# Visual Studio Version 17
VisualStudioVersion = 17.5.2.0
MinimumVisualStudioVersion = 10.0.40219.1
Project("{FAE04EC0-301F-11D3-BF4B-00C04F79EFBC}") = "ApiGateway", "ApiGateway.csproj", "{919CD1B0-78E2-F122-11CF-32BF5731A4D6}"
EndProject
Global
	GlobalSection(SolutionConfigurationPlatforms) = preSolution
		Debug|Any CPU = Debug|Any CPU
		Release|Any CPU = Release|Any CPU
	EndGlobalSection
	GlobalSection(ProjectConfigurationPlatforms) = postSolution
		{919CD1B0-78E2-F122-11CF-32BF5731A4D6}.Debug|Any CPU.ActiveCfg = Debug|Any CPU
		{919CD1B0-78E2-F122-11CF-32BF5731A4D6}.Debug|Any CPU.Build.0 = Debug|Any CPU
		{919CD1B0-78E2-F122-11CF-32BF5731A4D6}.Release|Any CPU.ActiveCfg = Release|Any CPU
		{919CD1B0-78E2-F122-11CF-32BF5731A4D6}.Release|Any CPU.Build.0 = Release|Any CPU
	EndGlobalSection
	GlobalSection(SolutionProperties) = preSolution
		HideSolutionNode = FALSE
	EndGlobalSection
	GlobalSection(ExtensibilityGlobals) = postSolution
		SolutionGuid = {4FE57653-36DA-488B-8F82-6AD5DC50B8B1}
	EndGlobalSection
EndGlobal
